{
  "nodes": {
    "devenv": {
      "locked": {
        "dir": "src/modules",
        "lastModified": 1785127153,
        "narHash": "sha256-vX6OVIUWiEiD5v1InHQk1OTjJsK2WgEqWmMPeIS5l78=",
        "owner": "cachix",
        "repo": "devenv",
        "rev": "6319d63344675f65c2c213be95084544866d8951",
        "type": "github"
      },
      "original": {
        "dir": "src/modules",
        "owner": "cachix",
        "repo": "devenv",
        "type": "github"
      }
    },
    "nixpkgs": {
      "locked": {
        "lastModified": 1785110946,
        "narHash": "sha256-WWuWxmXKzGZWryswWlijP3Mjp6aGy4Ngmeil5nGMMjk=",
        "owner": "nixos",
        "repo": "nixpkgs",
        "rev": "d3498f786f97ac0bded21b34bae0bf3809b45aa3",
        "type": "github"
      },
      "original": {
        "owner": "nixos",
        "ref": "nixpkgs-unstable",
        "repo": "nixpkgs",
        "type": "github"
      }
    },
    "root": {
      "inputs": {
        "devenv": "devenv",
        "nixpkgs": "nixpkgs",
        "storm-ops": "storm-ops"
      }
    },
    "storm-ops": {
      "flake": false,
      "locked": {
        "lastModified": 1784790178,
        "narHash": "sha256-Jiib6FS9PfGu6eZrPIywb1RpWJkJOk1h+To92zkXI9o=",
        "owner": "storm-software",
        "repo": "storm-ops",
        "rev": "9389e94089c0ddc0cc122425b1a47201f655eafd",
        "type": "github"
      },
      "original": {
        "owner": "storm-software",
        "repo": "storm-ops",
        "type": "github"
      }
    }
  },
  "root": "root",
  "version": 7
}