{
  "nodes": {
    "devenv": {
      "locked": {
        "dir": "src/modules",
        "lastModified": 1785262887,
        "narHash": "sha256-z8mS9Q4poqs3zMeOm/PW/FAKfhRYG5TVWkoBSLpQAbo=",
        "owner": "cachix",
        "repo": "devenv",
        "rev": "ba7318ab409ecbbf0ed79c43e5fbf1b4ec359f7a",
        "type": "github"
      },
      "original": {
        "dir": "src/modules",
        "owner": "cachix",
        "repo": "devenv",
        "type": "github"
      }
    },
    "nixpkgs": {
      "locked": {
        "lastModified": 1785141334,
        "narHash": "sha256-kh35kIx7el4Jk8Ki3BH9/Pn1eZYSYLJ6LMALos0zOy0=",
        "owner": "nixos",
        "repo": "nixpkgs",
        "rev": "38a4887411571457d700c51c64a6e49ead2ed5ab",
        "type": "github"
      },
      "original": {
        "owner": "nixos",
        "ref": "nixpkgs-unstable",
        "repo": "nixpkgs",
        "type": "github"
      }
    },
    "root": {
      "inputs": {
        "devenv": "devenv",
        "nixpkgs": "nixpkgs",
        "storm-ops": "storm-ops"
      }
    },
    "storm-ops": {
      "flake": false,
      "locked": {
        "lastModified": 1784790178,
        "narHash": "sha256-Jiib6FS9PfGu6eZrPIywb1RpWJkJOk1h+To92zkXI9o=",
        "owner": "storm-software",
        "repo": "storm-ops",
        "rev": "9389e94089c0ddc0cc122425b1a47201f655eafd",
        "type": "github"
      },
      "original": {
        "owner": "storm-software",
        "repo": "storm-ops",
        "type": "github"
      }
    }
  },
  "root": "root",
  "version": 7
}